
Microsoft Visual Studio Solution File, Format Version 12.00
# Visual Studio Version 17
VisualStudioVersion = 17.10.35013.160
MinimumVisualStudioVersion = 10.0.40219.1
Project("{2150E333-8FDC-42A3-9474-1A3956D46DE8}") = "Bootstrapper", "Bootstrapper", "{E78D618D-A515-49C5-85A9-47A514CC7A65}"
EndProject
Project("{2150E333-8FDC-42A3-9474-1A3956D46DE8}") = "Modules", "Modules", "{798F478C-50CE-4CA4-83BE-1618BCFEE0AF}"
EndProject
Project("{2150E333-8FDC-42A3-9474-1A3956D46DE8}") = "Shared", "Shared", "{7F232706-8450-44A4-A7BF-8B2AE7EC1D28}"
EndProject
Project("{9A19103F-16F7-4668-BE54-9A1E7A4F7556}") = "Api", "Bootstrapper\Api\Api.csproj", "{8AD41817-0BCF-4934-9C5C-1C1EF7E9A2C3}"
EndProject
Project("{2150E333-8FDC-42A3-9474-1A3956D46DE8}") = "Catalog", "Catalog", "{735F925F-9F78-4D66-903D-00541489FA95}"
EndProject
Project("{2150E333-8FDC-42A3-9474-1A3956D46DE8}") = "Basket", "Basket", "{FB2A0FA7-3CE3-43C9-900D-397E3D7A35E4}"
EndProject
Project("{2150E333-8FDC-42A3-9474-1A3956D46DE8}") = "Ordering", "Ordering", "{45684264-5786-45A8-9522-D2F0163CFAB5}"
EndProject
Project("{FAE04EC0-301F-11D3-BF4B-00C04F79EFBC}") = "Catalog", "Modules\Catalog\Catalog\Catalog.csproj", "{2772873E-0F7C-4633-89E1-3A51C2689772}"
EndProject
Project("{FAE04EC0-301F-11D3-BF4B-00C04F79EFBC}") = "Basket", "Modules\Basket\Basket\Basket.csproj", "{4FD8AC85-8B5C-49AD-89B3-6EDA3B8C2AF5}"
EndProject
Project("{FAE04EC0-301F-11D3-BF4B-00C04F79EFBC}") = "Ordering", "Modules\Ordering\Ordering\Ordering.csproj", "{1E8CD8A2-4CE8-44F9-8F02-F386B1E0A50B}"
EndProject
Project("{FAE04EC0-301F-11D3-BF4B-00C04F79EFBC}") = "Shared", "Shared\Shared\Shared.csproj", "{40B2A531-CF77-4280-9A8B-FC2DAA548C9C}"
EndProject
Global
	GlobalSection(SolutionConfigurationPlatforms) = preSolution
		Debug|Any CPU = Debug|Any CPU
		Release|Any CPU = Release|Any CPU
	EndGlobalSection
	GlobalSection(ProjectConfigurationPlatforms) = postSolution
		{8AD41817-0BCF-4934-9C5C-1C1EF7E9A2C3}.Debug|Any CPU.ActiveCfg = Debug|Any CPU
		{8AD41817-0BCF-4934-9C5C-1C1EF7E9A2C3}.Debug|Any CPU.Build.0 = Debug|Any CPU
		{8AD41817-0BCF-4934-9C5C-1C1EF7E9A2C3}.Release|Any CPU.ActiveCfg = Release|Any CPU
		{8AD41817-0BCF-4934-9C5C-1C1EF7E9A2C3}.Release|Any CPU.Build.0 = Release|Any CPU
		{2772873E-0F7C-4633-89E1-3A51C2689772}.Debug|Any CPU.ActiveCfg = Debug|Any CPU
		{2772873E-0F7C-4633-89E1-3A51C2689772}.Debug|Any CPU.Build.0 = Debug|Any CPU
		{2772873E-0F7C-4633-89E1-3A51C2689772}.Release|Any CPU.ActiveCfg = Release|Any CPU
		{2772873E-0F7C-4633-89E1-3A51C2689772}.Release|Any CPU.Build.0 = Release|Any CPU
		{4FD8AC85-8B5C-49AD-89B3-6EDA3B8C2AF5}.Debug|Any CPU.ActiveCfg = Debug|Any CPU
		{4FD8AC85-8B5C-49AD-89B3-6EDA3B8C2AF5}.Debug|Any CPU.Build.0 = Debug|Any CPU
		{4FD8AC85-8B5C-49AD-89B3-6EDA3B8C2AF5}.Release|Any CPU.ActiveCfg = Release|Any CPU
		{4FD8AC85-8B5C-49AD-89B3-6EDA3B8C2AF5}.Release|Any CPU.Build.0 = Release|Any CPU
		{1E8CD8A2-4CE8-44F9-8F02-F386B1E0A50B}.Debug|Any CPU.ActiveCfg = Debug|Any CPU
		{1E8CD8A2-4CE8-44F9-8F02-F386B1E0A50B}.Debug|Any CPU.Build.0 = Debug|Any CPU
		{1E8CD8A2-4CE8-44F9-8F02-F386B1E0A50B}.Release|Any CPU.ActiveCfg = Release|Any CPU
		{1E8CD8A2-4CE8-44F9-8F02-F386B1E0A50B}.Release|Any CPU.Build.0 = Release|Any CPU
		{40B2A531-CF77-4280-9A8B-FC2DAA548C9C}.Debug|Any CPU.ActiveCfg = Debug|Any CPU
		{40B2A531-CF77-4280-9A8B-FC2DAA548C9C}.Debug|Any CPU.Build.0 = Debug|Any CPU
		{40B2A531-CF77-4280-9A8B-FC2DAA548C9C}.Release|Any CPU.ActiveCfg = Release|Any CPU
		{40B2A531-CF77-4280-9A8B-FC2DAA548C9C}.Release|Any CPU.Build.0 = Release|Any CPU
	EndGlobalSection
	GlobalSection(SolutionProperties) = preSolution
		HideSolutionNode = FALSE
	EndGlobalSection
	GlobalSection(NestedProjects) = preSolution
		{8AD41817-0BCF-4934-9C5C-1C1EF7E9A2C3} = {E78D618D-A515-49C5-85A9-47A514CC7A65}
		{735F925F-9F78-4D66-903D-00541489FA95} = {798F478C-50CE-4CA4-83BE-1618BCFEE0AF}
		{FB2A0FA7-3CE3-43C9-900D-397E3D7A35E4} = {798F478C-50CE-4CA4-83BE-1618BCFEE0AF}
		{45684264-5786-45A8-9522-D2F0163CFAB5} = {798F478C-50CE-4CA4-83BE-1618BCFEE0AF}
		{2772873E-0F7C-4633-89E1-3A51C2689772} = {735F925F-9F78-4D66-903D-00541489FA95}
		{4FD8AC85-8B5C-49AD-89B3-6EDA3B8C2AF5} = {FB2A0FA7-3CE3-43C9-900D-397E3D7A35E4}
		{1E8CD8A2-4CE8-44F9-8F02-F386B1E0A50B} = {45684264-5786-45A8-9522-D2F0163CFAB5}
		{40B2A531-CF77-4280-9A8B-FC2DAA548C9C} = {7F232706-8450-44A4-A7BF-8B2AE7EC1D28}
	EndGlobalSection
	GlobalSection(ExtensibilityGlobals) = postSolution
		SolutionGuid = {42794365-4EA3-4790-8D4D-CE5C6F93E50A}
	EndGlobalSection
EndGlobal
